
Microsoft Visual Studio Solution File, Format Version 12.00
# Visual Studio Version 17
VisualStudioVersion = 17.5.002.0
MinimumVisualStudioVersion = 10.0.40219.1
Project("{9A19103F-16F7-4668-BE54-9A1E7A4F7556}") = "seminar03", "seminar03.csproj", "{43D08400-349C-4BD7-8E2E-5958D76306DF}"
EndProject
Global
	GlobalSection(SolutionConfigurationPlatforms) = preSolution
		Debug|Any CPU = Debug|Any CPU
		Release|Any CPU = Release|Any CPU
	EndGlobalSection
	GlobalSection(ProjectConfigurationPlatforms) = postSolution
		{43D08400-349C-4BD7-8E2E-5958D76306DF}.Debug|Any CPU.ActiveCfg = Debug|Any CPU
		{43D08400-349C-4BD7-8E2E-5958D76306DF}.Debug|Any CPU.Build.0 = Debug|Any CPU
		{43D08400-349C-4BD7-8E2E-5958D76306DF}.Release|Any CPU.ActiveCfg = Release|Any CPU
		{43D08400-349C-4BD7-8E2E-5958D76306DF}.Release|Any CPU.Build.0 = Release|Any CPU
	EndGlobalSection
	GlobalSection(SolutionProperties) = preSolution
		HideSolutionNode = FALSE
	EndGlobalSection
	GlobalSection(ExtensibilityGlobals) = postSolution
		SolutionGuid = {E374880A-D7F4-4F33-B4EB-4DCDA9F98E7D}
	EndGlobalSection
EndGlobal
